
Microsoft Visual Studio Solution File, Format Version 12.00
# Visual Studio Version 16
VisualStudioVersion = 16.0.30114.105
MinimumVisualStudioVersion = 10.0.40219.1
Project("{FAE04EC0-301F-11D3-BF4B-00C04F79EFBC}") = "api", "api\api.csproj", "{CB5C9918-7420-423B-90F9-C23F496AA52B}"
EndProject
Project("{FAE04EC0-301F-11D3-BF4B-00C04F79EFBC}") = "shared", "shared\shared.csproj", "{1043ACA5-B7E6-44EA-8001-7767CB06185C}"
EndProject
Project("{FAE04EC0-301F-11D3-BF4B-00C04F79EFBC}") = "userservice", "userservice\userservice.csproj", "{BAF143A1-35E9-48E9-AAC3-C1C2A0D62917}"
EndProject
Project("{FAE04EC0-301F-11D3-BF4B-00C04F79EFBC}") = "userservice2", "userservice2\userservice2.csproj", "{176F600C-260E-4D27-80B0-8D6C6B125614}"
EndProject
Project("{FAE04EC0-301F-11D3-BF4B-00C04F79EFBC}") = "userservice2.Test", "userservice2.Test\userservice2.Test.csproj", "{06A6AC58-6B1E-4E5E-BDFA-EF948AAAB635}"
EndProject
Project("{FAE04EC0-301F-11D3-BF4B-00C04F79EFBC}") = "api.Test", "api.Test\api.Test.csproj", "{29C3491A-97E2-4AAE-A72B-C593B366503B}"
EndProject
Global
	GlobalSection(SolutionConfigurationPlatforms) = preSolution
		Debug|Any CPU = Debug|Any CPU
		Debug|x64 = Debug|x64
		Debug|x86 = Debug|x86
		Release|Any CPU = Release|Any CPU
		Release|x64 = Release|x64
		Release|x86 = Release|x86
	EndGlobalSection
	GlobalSection(SolutionProperties) = preSolution
		HideSolutionNode = FALSE
	EndGlobalSection
	GlobalSection(ProjectConfigurationPlatforms) = postSolution
		{CB5C9918-7420-423B-90F9-C23F496AA52B}.Debug|Any CPU.ActiveCfg = Debug|Any CPU
		{CB5C9918-7420-423B-90F9-C23F496AA52B}.Debug|Any CPU.Build.0 = Debug|Any CPU
		{CB5C9918-7420-423B-90F9-C23F496AA52B}.Debug|x64.ActiveCfg = Debug|Any CPU
		{CB5C9918-7420-423B-90F9-C23F496AA52B}.Debug|x64.Build.0 = Debug|Any CPU
		{CB5C9918-7420-423B-90F9-C23F496AA52B}.Debug|x86.ActiveCfg = Debug|Any CPU
		{CB5C9918-7420-423B-90F9-C23F496AA52B}.Debug|x86.Build.0 = Debug|Any CPU
		{CB5C9918-7420-423B-90F9-C23F496AA52B}.Release|Any CPU.ActiveCfg = Release|Any CPU
		{CB5C9918-7420-423B-90F9-C23F496AA52B}.Release|Any CPU.Build.0 = Release|Any CPU
		{CB5C9918-7420-423B-90F9-C23F496AA52B}.Release|x64.ActiveCfg = Release|Any CPU
		{CB5C9918-7420-423B-90F9-C23F496AA52B}.Release|x64.Build.0 = Release|Any CPU
		{CB5C9918-7420-423B-90F9-C23F496AA52B}.Release|x86.ActiveCfg = Release|Any CPU
		{CB5C9918-7420-423B-90F9-C23F496AA52B}.Release|x86.Build.0 = Release|Any CPU
		{1043ACA5-B7E6-44EA-8001-7767CB06185C}.Debug|Any CPU.ActiveCfg = Debug|Any CPU
		{1043ACA5-B7E6-44EA-8001-7767CB06185C}.Debug|Any CPU.Build.0 = Debug|Any CPU
		{1043ACA5-B7E6-44EA-8001-7767CB06185C}.Debug|x64.ActiveCfg = Debug|Any CPU
		{1043ACA5-B7E6-44EA-8001-7767CB06185C}.Debug|x64.Build.0 = Debug|Any CPU
		{1043ACA5-B7E6-44EA-8001-7767CB06185C}.Debug|x86.ActiveCfg = Debug|Any CPU
		{1043ACA5-B7E6-44EA-8001-7767CB06185C}.Debug|x86.Build.0 = Debug|Any CPU
		{1043ACA5-B7E6-44EA-8001-7767CB06185C}.Release|Any CPU.ActiveCfg = Release|Any CPU
		{1043ACA5-B7E6-44EA-8001-7767CB06185C}.Release|Any CPU.Build.0 = Release|Any CPU
		{1043ACA5-B7E6-44EA-8001-7767CB06185C}.Release|x64.ActiveCfg = Release|Any CPU
		{1043ACA5-B7E6-44EA-8001-7767CB06185C}.Release|x64.Build.0 = Release|Any CPU
		{1043ACA5-B7E6-44EA-8001-7767CB06185C}.Release|x86.ActiveCfg = Release|Any CPU
		{1043ACA5-B7E6-44EA-8001-7767CB06185C}.Release|x86.Build.0 = Release|Any CPU
		{BAF143A1-35E9-48E9-AAC3-C1C2A0D62917}.Debug|Any CPU.ActiveCfg = Debug|Any CPU
		{BAF143A1-35E9-48E9-AAC3-C1C2A0D62917}.Debug|Any CPU.Build.0 = Debug|Any CPU
		{BAF143A1-35E9-48E9-AAC3-C1C2A0D62917}.Debug|x64.ActiveCfg = Debug|Any CPU
		{BAF143A1-35E9-48E9-AAC3-C1C2A0D62917}.Debug|x64.Build.0 = Debug|Any CPU
		{BAF143A1-35E9-48E9-AAC3-C1C2A0D62917}.Debug|x86.ActiveCfg = Debug|Any CPU
		{BAF143A1-35E9-48E9-AAC3-C1C2A0D62917}.Debug|x86.Build.0 = Debug|Any CPU
		{BAF143A1-35E9-48E9-AAC3-C1C2A0D62917}.Release|Any CPU.ActiveCfg = Release|Any CPU
		{BAF143A1-35E9-48E9-AAC3-C1C2A0D62917}.Release|Any CPU.Build.0 = Release|Any CPU
		{BAF143A1-35E9-48E9-AAC3-C1C2A0D62917}.Release|x64.ActiveCfg = Release|Any CPU
		{BAF143A1-35E9-48E9-AAC3-C1C2A0D62917}.Release|x64.Build.0 = Release|Any CPU
		{BAF143A1-35E9-48E9-AAC3-C1C2A0D62917}.Release|x86.ActiveCfg = Release|Any CPU
		{BAF143A1-35E9-48E9-AAC3-C1C2A0D62917}.Release|x86.Build.0 = Release|Any CPU
		{176F600C-260E-4D27-80B0-8D6C6B125614}.Debug|Any CPU.ActiveCfg = Debug|Any CPU
		{176F600C-260E-4D27-80B0-8D6C6B125614}.Debug|Any CPU.Build.0 = Debug|Any CPU
		{176F600C-260E-4D27-80B0-8D6C6B125614}.Debug|x64.ActiveCfg = Debug|Any CPU
		{176F600C-260E-4D27-80B0-8D6C6B125614}.Debug|x64.Build.0 = Debug|Any CPU
		{176F600C-260E-4D27-80B0-8D6C6B125614}.Debug|x86.ActiveCfg = Debug|Any CPU
		{176F600C-260E-4D27-80B0-8D6C6B125614}.Debug|x86.Build.0 = Debug|Any CPU
		{176F600C-260E-4D27-80B0-8D6C6B125614}.Release|Any CPU.ActiveCfg = Release|Any CPU
		{176F600C-260E-4D27-80B0-8D6C6B125614}.Release|Any CPU.Build.0 = Release|Any CPU
		{176F600C-260E-4D27-80B0-8D6C6B125614}.Release|x64.ActiveCfg = Release|Any CPU
		{176F600C-260E-4D27-80B0-8D6C6B125614}.Release|x64.Build.0 = Release|Any CPU
		{176F600C-260E-4D27-80B0-8D6C6B125614}.Release|x86.ActiveCfg = Release|Any CPU
		{176F600C-260E-4D27-80B0-8D6C6B125614}.Release|x86.Build.0 = Release|Any CPU
		{06A6AC58-6B1E-4E5E-BDFA-EF948AAAB635}.Debug|Any CPU.ActiveCfg = Debug|Any CPU
		{06A6AC58-6B1E-4E5E-BDFA-EF948AAAB635}.Debug|Any CPU.Build.0 = Debug|Any CPU
		{06A6AC58-6B1E-4E5E-BDFA-EF948AAAB635}.Debug|x64.ActiveCfg = Debug|Any CPU
		{06A6AC58-6B1E-4E5E-BDFA-EF948AAAB635}.Debug|x64.Build.0 = Debug|Any CPU
		{06A6AC58-6B1E-4E5E-BDFA-EF948AAAB635}.Debug|x86.ActiveCfg = Debug|Any CPU
		{06A6AC58-6B1E-4E5E-BDFA-EF948AAAB635}.Debug|x86.Build.0 = Debug|Any CPU
		{06A6AC58-6B1E-4E5E-BDFA-EF948AAAB635}.Release|Any CPU.ActiveCfg = Release|Any CPU
		{06A6AC58-6B1E-4E5E-BDFA-EF948AAAB635}.Release|Any CPU.Build.0 = Release|Any CPU
		{06A6AC58-6B1E-4E5E-BDFA-EF948AAAB635}.Release|x64.ActiveCfg = Release|Any CPU
		{06A6AC58-6B1E-4E5E-BDFA-EF948AAAB635}.Release|x64.Build.0 = Release|Any CPU
		{06A6AC58-6B1E-4E5E-BDFA-EF948AAAB635}.Release|x86.ActiveCfg = Release|Any CPU
		{06A6AC58-6B1E-4E5E-BDFA-EF948AAAB635}.Release|x86.Build.0 = Release|Any CPU
		{29C3491A-97E2-4AAE-A72B-C593B366503B}.Debug|Any CPU.ActiveCfg = Debug|Any CPU
		{29C3491A-97E2-4AAE-A72B-C593B366503B}.Debug|Any CPU.Build.0 = Debug|Any CPU
		{29C3491A-97E2-4AAE-A72B-C593B366503B}.Debug|x64.ActiveCfg = Debug|Any CPU
		{29C3491A-97E2-4AAE-A72B-C593B366503B}.Debug|x64.Build.0 = Debug|Any CPU
		{29C3491A-97E2-4AAE-A72B-C593B366503B}.Debug|x86.ActiveCfg = Debug|Any CPU
		{29C3491A-97E2-4AAE-A72B-C593B366503B}.Debug|x86.Build.0 = Debug|Any CPU
		{29C3491A-97E2-4AAE-A72B-C593B366503B}.Release|Any CPU.ActiveCfg = Release|Any CPU
		{29C3491A-97E2-4AAE-A72B-C593B366503B}.Release|Any CPU.Build.0 = Release|Any CPU
		{29C3491A-97E2-4AAE-A72B-C593B366503B}.Release|x64.ActiveCfg = Release|Any CPU
		{29C3491A-97E2-4AAE-A72B-C593B366503B}.Release|x64.Build.0 = Release|Any CPU
		{29C3491A-97E2-4AAE-A72B-C593B366503B}.Release|x86.ActiveCfg = Release|Any CPU
		{29C3491A-97E2-4AAE-A72B-C593B366503B}.Release|x86.Build.0 = Release|Any CPU
	EndGlobalSection
EndGlobal
